
Microsoft Visual Studio Solution File, Format Version 12.00
# Visual Studio Version 16
VisualStudioVersion = 25.0.1706.0
MinimumVisualStudioVersion = 10.0.40219.1
Project("{FAE04EC0-301F-11D3-BF4B-00C04F79EFBC}") = "MyWayNC", "MyWayNC.csproj", "{089FE049-633A-422E-A50E-461FD5E5F446}"
EndProject
Global
	GlobalSection(SolutionConfigurationPlatforms) = preSolution
		Debug|Any CPU = Debug|Any CPU
		Release|Any CPU = Release|Any CPU
	EndGlobalSection
	GlobalSection(ProjectConfigurationPlatforms) = postSolution
		{089FE049-633A-422E-A50E-461FD5E5F446}.Debug|Any CPU.ActiveCfg = Debug|Any CPU
		{089FE049-633A-422E-A50E-461FD5E5F446}.Debug|Any CPU.Build.0 = Debug|Any CPU
		{089FE049-633A-422E-A50E-461FD5E5F446}.Release|Any CPU.ActiveCfg = Release|Any CPU
		{089FE049-633A-422E-A50E-461FD5E5F446}.Release|Any CPU.Build.0 = Release|Any CPU
	EndGlobalSection
	GlobalSection(SolutionProperties) = preSolution
		HideSolutionNode = FALSE
	EndGlobalSection
	GlobalSection(ExtensibilityGlobals) = postSolution
		SolutionGuid = {4B930AF7-1A30-4F21-8B86-5C168ACEB6C4}
	EndGlobalSection
EndGlobal
